
Microsoft Visual Studio Solution File, Format Version 12.00
# Visual Studio Version 17
VisualStudioVersion = 17.0.31903.59
MinimumVisualStudioVersion = 10.0.40219.1
Project("{2150E333-8FDC-42A3-9474-1A3956D46DE8}") = "src", "src", "{3FF97026-A314-49BB-A871-CED4B3BD083A}"
EndProject
Project("{2150E333-8FDC-42A3-9474-1A3956D46DE8}") = "1 - Service", "1 - Service", "{E8F2335F-CADC-4A2D-BF2F-80AD7729171C}"
EndProject
Project("{2150E333-8FDC-42A3-9474-1A3956D46DE8}") = "3 - Domain", "3 - Domain", "{D6F61753-A3EA-4F8D-863A-39A4B57251A1}"
EndProject
Project("{2150E333-8FDC-42A3-9474-1A3956D46DE8}") = "4 - Infrastructure", "4 - Infrastructure", "{9625D936-2687-469A-9B37-B2F4A8C6FA68}"
EndProject
Project("{2150E333-8FDC-42A3-9474-1A3956D46DE8}") = "Shared", "Shared", "{998B58D5-CD0A-497E-9F82-7D8EC048DC4B}"
EndProject
Project("{2150E333-8FDC-42A3-9474-1A3956D46DE8}") = "Data", "Data", "{3DC23221-FAE6-420C-9632-99F7C7095B38}"
EndProject
Project("{2150E333-8FDC-42A3-9474-1A3956D46DE8}") = "Integration", "Integration", "{22143BA5-80EE-4952-8C77-D025AAE6BD4E}"
EndProject
Project("{FAE04EC0-301F-11D3-BF4B-00C04F79EFBC}") = "Solucao.Service.API.Seguranca", "src\Service\API\Solucao.Service.API.Seguranca\Solucao.Service.API.Seguranca.csproj", "{382B50F6-7DD7-4B4D-A660-822A7D1EF546}"
EndProject
Project("{FAE04EC0-301F-11D3-BF4B-00C04F79EFBC}") = "Solucao.Service.API.Cadastro", "src\Service\API\Solucao.Service.API.Cadastro\Solucao.Service.API.Cadastro.csproj", "{2DA86A02-02DA-450F-A2EE-55EED98F8610}"
EndProject
Project("{2150E333-8FDC-42A3-9474-1A3956D46DE8}") = "2 - Application", "2 - Application", "{D103FB53-4658-484C-9775-8E1C99FC094D}"
EndProject
Project("{FAE04EC0-301F-11D3-BF4B-00C04F79EFBC}") = "Solucao.Application.Core", "src\Application\Solucao.Application.Core\Solucao.Application.Core.csproj", "{EF286D90-8E42-45F8-B8CE-4B6B33168BE5}"
EndProject
Project("{FAE04EC0-301F-11D3-BF4B-00C04F79EFBC}") = "Solucao.Application.Cadastro", "src\Application\Solucao.Application.Cadastro\Solucao.Application.Cadastro.csproj", "{441D1B86-69DC-4D05-9A48-994E26FAD045}"
EndProject
Project("{FAE04EC0-301F-11D3-BF4B-00C04F79EFBC}") = "Solucao.Application.Seguranca", "src\Application\Solucao.Application.Seguranca\Solucao.Application.Seguranca.csproj", "{C0F8ADFF-61D8-431A-8846-AE0A0DD46AA9}"
EndProject
Global
	GlobalSection(SolutionConfigurationPlatforms) = preSolution
		Debug|Any CPU = Debug|Any CPU
		Release|Any CPU = Release|Any CPU
	EndGlobalSection
	GlobalSection(ProjectConfigurationPlatforms) = postSolution
		{382B50F6-7DD7-4B4D-A660-822A7D1EF546}.Debug|Any CPU.ActiveCfg = Debug|Any CPU
		{382B50F6-7DD7-4B4D-A660-822A7D1EF546}.Debug|Any CPU.Build.0 = Debug|Any CPU
		{382B50F6-7DD7-4B4D-A660-822A7D1EF546}.Release|Any CPU.ActiveCfg = Release|Any CPU
		{382B50F6-7DD7-4B4D-A660-822A7D1EF546}.Release|Any CPU.Build.0 = Release|Any CPU
		{2DA86A02-02DA-450F-A2EE-55EED98F8610}.Debug|Any CPU.ActiveCfg = Debug|Any CPU
		{2DA86A02-02DA-450F-A2EE-55EED98F8610}.Debug|Any CPU.Build.0 = Debug|Any CPU
		{2DA86A02-02DA-450F-A2EE-55EED98F8610}.Release|Any CPU.ActiveCfg = Release|Any CPU
		{2DA86A02-02DA-450F-A2EE-55EED98F8610}.Release|Any CPU.Build.0 = Release|Any CPU
		{EF286D90-8E42-45F8-B8CE-4B6B33168BE5}.Debug|Any CPU.ActiveCfg = Debug|Any CPU
		{EF286D90-8E42-45F8-B8CE-4B6B33168BE5}.Debug|Any CPU.Build.0 = Debug|Any CPU
		{EF286D90-8E42-45F8-B8CE-4B6B33168BE5}.Release|Any CPU.ActiveCfg = Release|Any CPU
		{EF286D90-8E42-45F8-B8CE-4B6B33168BE5}.Release|Any CPU.Build.0 = Release|Any CPU
		{441D1B86-69DC-4D05-9A48-994E26FAD045}.Debug|Any CPU.ActiveCfg = Debug|Any CPU
		{441D1B86-69DC-4D05-9A48-994E26FAD045}.Debug|Any CPU.Build.0 = Debug|Any CPU
		{441D1B86-69DC-4D05-9A48-994E26FAD045}.Release|Any CPU.ActiveCfg = Release|Any CPU
		{441D1B86-69DC-4D05-9A48-994E26FAD045}.Release|Any CPU.Build.0 = Release|Any CPU
		{C0F8ADFF-61D8-431A-8846-AE0A0DD46AA9}.Debug|Any CPU.ActiveCfg = Debug|Any CPU
		{C0F8ADFF-61D8-431A-8846-AE0A0DD46AA9}.Debug|Any CPU.Build.0 = Debug|Any CPU
		{C0F8ADFF-61D8-431A-8846-AE0A0DD46AA9}.Release|Any CPU.ActiveCfg = Release|Any CPU
		{C0F8ADFF-61D8-431A-8846-AE0A0DD46AA9}.Release|Any CPU.Build.0 = Release|Any CPU
	EndGlobalSection
	GlobalSection(SolutionProperties) = preSolution
		HideSolutionNode = FALSE
	EndGlobalSection
	GlobalSection(NestedProjects) = preSolution
		{E8F2335F-CADC-4A2D-BF2F-80AD7729171C} = {3FF97026-A314-49BB-A871-CED4B3BD083A}
		{D6F61753-A3EA-4F8D-863A-39A4B57251A1} = {3FF97026-A314-49BB-A871-CED4B3BD083A}
		{9625D936-2687-469A-9B37-B2F4A8C6FA68} = {3FF97026-A314-49BB-A871-CED4B3BD083A}
		{998B58D5-CD0A-497E-9F82-7D8EC048DC4B} = {9625D936-2687-469A-9B37-B2F4A8C6FA68}
		{3DC23221-FAE6-420C-9632-99F7C7095B38} = {9625D936-2687-469A-9B37-B2F4A8C6FA68}
		{22143BA5-80EE-4952-8C77-D025AAE6BD4E} = {9625D936-2687-469A-9B37-B2F4A8C6FA68}
		{382B50F6-7DD7-4B4D-A660-822A7D1EF546} = {E8F2335F-CADC-4A2D-BF2F-80AD7729171C}
		{2DA86A02-02DA-450F-A2EE-55EED98F8610} = {E8F2335F-CADC-4A2D-BF2F-80AD7729171C}
		{D103FB53-4658-484C-9775-8E1C99FC094D} = {3FF97026-A314-49BB-A871-CED4B3BD083A}
		{EF286D90-8E42-45F8-B8CE-4B6B33168BE5} = {D103FB53-4658-484C-9775-8E1C99FC094D}
		{441D1B86-69DC-4D05-9A48-994E26FAD045} = {D103FB53-4658-484C-9775-8E1C99FC094D}
		{C0F8ADFF-61D8-431A-8846-AE0A0DD46AA9} = {D103FB53-4658-484C-9775-8E1C99FC094D}
	EndGlobalSection
EndGlobal
