
Microsoft Visual Studio Solution File, Format Version 12.00
# Visual Studio Version 17
VisualStudioVersion = 17.0.31903.59
MinimumVisualStudioVersion = 10.0.40219.1
Project("{2150E333-8FDC-42A3-9474-1A3956D46DE8}") = "src", "src", "{3FF97026-A314-49BB-A871-CED4B3BD083A}"
EndProject
Project("{2150E333-8FDC-42A3-9474-1A3956D46DE8}") = "1 - Service", "1 - Service", "{E8F2335F-CADC-4A2D-BF2F-80AD7729171C}"
EndProject
Project("{FAE04EC0-301F-11D3-BF4B-00C04F79EFBC}") = "Solucao.Service.API.Seguranca", "src\Service\API\Solucao.Service.API.Seguranca\Solucao.Service.API.Seguranca.csproj", "{382B50F6-7DD7-4B4D-A660-822A7D1EF546}"
EndProject
Project("{FAE04EC0-301F-11D3-BF4B-00C04F79EFBC}") = "Solucao.Service.API.Cadastro", "src\Service\API\Solucao.Service.API.Cadastro\Solucao.Service.API.Cadastro.csproj", "{2DA86A02-02DA-450F-A2EE-55EED98F8610}"
EndProject
Project("{2150E333-8FDC-42A3-9474-1A3956D46DE8}") = "2 - Application", "2 - Application", "{D103FB53-4658-484C-9775-8E1C99FC094D}"
EndProject
Project("{FAE04EC0-301F-11D3-BF4B-00C04F79EFBC}") = "Solucao.Application.Core", "src\Application\Solucao.Application.Core\Solucao.Application.Core.csproj", "{EF286D90-8E42-45F8-B8CE-4B6B33168BE5}"
EndProject
Project("{FAE04EC0-301F-11D3-BF4B-00C04F79EFBC}") = "Solucao.Application.Cadastro", "src\Application\Solucao.Application.Cadastro\Solucao.Application.Cadastro.csproj", "{441D1B86-69DC-4D05-9A48-994E26FAD045}"
EndProject
Project("{FAE04EC0-301F-11D3-BF4B-00C04F79EFBC}") = "Solucao.Application.Seguranca", "src\Application\Solucao.Application.Seguranca\Solucao.Application.Seguranca.csproj", "{C0F8ADFF-61D8-431A-8846-AE0A0DD46AA9}"
EndProject
Project("{2150E333-8FDC-42A3-9474-1A3956D46DE8}") = "3 - Domain", "3 - Domain", "{F128C2AF-EE08-4253-B8FF-EF0252475933}"
EndProject
Project("{FAE04EC0-301F-11D3-BF4B-00C04F79EFBC}") = "Solucao.Domain.Core", "src\Domain\Solucao.Domain.Core\Solucao.Domain.Core.csproj", "{F1DEF0A2-3852-411D-8690-D563BDD81184}"
EndProject
Project("{FAE04EC0-301F-11D3-BF4B-00C04F79EFBC}") = "Solucao.Domain.Cadastro", "src\Domain\Solucao.Domain.Cadastro\Solucao.Domain.Cadastro.csproj", "{DB926356-9544-4E57-B3DE-DC07113060FF}"
EndProject
Project("{FAE04EC0-301F-11D3-BF4B-00C04F79EFBC}") = "Solucao.Domain.Seguranca", "src\Domain\Solucao.Domain.Seguranca\Solucao.Domain.Seguranca.csproj", "{51B9B398-C798-4AD7-9D94-522D8F1F6B95}"
EndProject
Project("{2150E333-8FDC-42A3-9474-1A3956D46DE8}") = "4 - Infrastructure", "4 - Infrastructure", "{DE0B322F-A5EC-4B4A-8CD4-9C3245A4009A}"
EndProject
Project("{2150E333-8FDC-42A3-9474-1A3956D46DE8}") = "Data", "Data", "{8DF0F0FD-D9D0-4BE6-A650-30B8E73B11B4}"
EndProject
Project("{2150E333-8FDC-42A3-9474-1A3956D46DE8}") = "Shared", "Shared", "{7254B102-D416-4C83-AB69-B9D862A055F5}"
EndProject
Project("{2150E333-8FDC-42A3-9474-1A3956D46DE8}") = "Integration", "Integration", "{44446089-F3FA-4B8C-BC27-6C16A80EE751}"
EndProject
Project("{FAE04EC0-301F-11D3-BF4B-00C04F79EFBC}") = "Solucao.Infrastructure.Data.Core", "src\Infrastructure\Data\Solucao.Infrastructure.Data.Core\Solucao.Infrastructure.Data.Core.csproj", "{AE6C63FE-9FF9-4859-A092-F1A17D7F8E7B}"
EndProject
Project("{FAE04EC0-301F-11D3-BF4B-00C04F79EFBC}") = "Solucao.Infrastructure.Data.Cadastro", "src\Infrastructure\Data\Solucao.Infrastructure.Data.Cadastro\Solucao.Infrastructure.Data.Cadastro.csproj", "{722BB7E7-9BF3-4E81-AEEE-1BE8FCEFB740}"
EndProject
Project("{FAE04EC0-301F-11D3-BF4B-00C04F79EFBC}") = "Solucao.Infrastructure.Data.Seguranca", "src\Infrastructure\Data\Solucao.Infrastructure.Data.Seguranca\Solucao.Infrastructure.Data.Seguranca.csproj", "{788629D3-A01E-4BA7-BB9F-FEE872617D07}"
EndProject
Project("{FAE04EC0-301F-11D3-BF4B-00C04F79EFBC}") = "Solucao.Infrastructure.Integration", "src\Infrastructure\Integration\Solucao.Infrastructure.Integration\Solucao.Infrastructure.Integration.csproj", "{1EB36300-D6C9-4609-8C4D-22ED025B3A97}"
EndProject
Project("{FAE04EC0-301F-11D3-BF4B-00C04F79EFBC}") = "Solucao.Infrastructure.Shared", "src\Infrastructure\Shared\Solucao.Infrastructure.Shared\Solucao.Infrastructure.Shared.csproj", "{ED5B50EA-D8C4-40B5-B931-F245FC64CEE5}"
EndProject
Global
	GlobalSection(SolutionConfigurationPlatforms) = preSolution
		Debug|Any CPU = Debug|Any CPU
		Release|Any CPU = Release|Any CPU
	EndGlobalSection
	GlobalSection(ProjectConfigurationPlatforms) = postSolution
		{382B50F6-7DD7-4B4D-A660-822A7D1EF546}.Debug|Any CPU.ActiveCfg = Debug|Any CPU
		{382B50F6-7DD7-4B4D-A660-822A7D1EF546}.Debug|Any CPU.Build.0 = Debug|Any CPU
		{382B50F6-7DD7-4B4D-A660-822A7D1EF546}.Release|Any CPU.ActiveCfg = Release|Any CPU
		{382B50F6-7DD7-4B4D-A660-822A7D1EF546}.Release|Any CPU.Build.0 = Release|Any CPU
		{2DA86A02-02DA-450F-A2EE-55EED98F8610}.Debug|Any CPU.ActiveCfg = Debug|Any CPU
		{2DA86A02-02DA-450F-A2EE-55EED98F8610}.Debug|Any CPU.Build.0 = Debug|Any CPU
		{2DA86A02-02DA-450F-A2EE-55EED98F8610}.Release|Any CPU.ActiveCfg = Release|Any CPU
		{2DA86A02-02DA-450F-A2EE-55EED98F8610}.Release|Any CPU.Build.0 = Release|Any CPU
		{EF286D90-8E42-45F8-B8CE-4B6B33168BE5}.Debug|Any CPU.ActiveCfg = Debug|Any CPU
		{EF286D90-8E42-45F8-B8CE-4B6B33168BE5}.Debug|Any CPU.Build.0 = Debug|Any CPU
		{EF286D90-8E42-45F8-B8CE-4B6B33168BE5}.Release|Any CPU.ActiveCfg = Release|Any CPU
		{EF286D90-8E42-45F8-B8CE-4B6B33168BE5}.Release|Any CPU.Build.0 = Release|Any CPU
		{441D1B86-69DC-4D05-9A48-994E26FAD045}.Debug|Any CPU.ActiveCfg = Debug|Any CPU
		{441D1B86-69DC-4D05-9A48-994E26FAD045}.Debug|Any CPU.Build.0 = Debug|Any CPU
		{441D1B86-69DC-4D05-9A48-994E26FAD045}.Release|Any CPU.ActiveCfg = Release|Any CPU
		{441D1B86-69DC-4D05-9A48-994E26FAD045}.Release|Any CPU.Build.0 = Release|Any CPU
		{C0F8ADFF-61D8-431A-8846-AE0A0DD46AA9}.Debug|Any CPU.ActiveCfg = Debug|Any CPU
		{C0F8ADFF-61D8-431A-8846-AE0A0DD46AA9}.Debug|Any CPU.Build.0 = Debug|Any CPU
		{C0F8ADFF-61D8-431A-8846-AE0A0DD46AA9}.Release|Any CPU.ActiveCfg = Release|Any CPU
		{C0F8ADFF-61D8-431A-8846-AE0A0DD46AA9}.Release|Any CPU.Build.0 = Release|Any CPU
		{F1DEF0A2-3852-411D-8690-D563BDD81184}.Debug|Any CPU.ActiveCfg = Debug|Any CPU
		{F1DEF0A2-3852-411D-8690-D563BDD81184}.Debug|Any CPU.Build.0 = Debug|Any CPU
		{F1DEF0A2-3852-411D-8690-D563BDD81184}.Release|Any CPU.ActiveCfg = Release|Any CPU
		{F1DEF0A2-3852-411D-8690-D563BDD81184}.Release|Any CPU.Build.0 = Release|Any CPU
		{DB926356-9544-4E57-B3DE-DC07113060FF}.Debug|Any CPU.ActiveCfg = Debug|Any CPU
		{DB926356-9544-4E57-B3DE-DC07113060FF}.Debug|Any CPU.Build.0 = Debug|Any CPU
		{DB926356-9544-4E57-B3DE-DC07113060FF}.Release|Any CPU.ActiveCfg = Release|Any CPU
		{DB926356-9544-4E57-B3DE-DC07113060FF}.Release|Any CPU.Build.0 = Release|Any CPU
		{51B9B398-C798-4AD7-9D94-522D8F1F6B95}.Debug|Any CPU.ActiveCfg = Debug|Any CPU
		{51B9B398-C798-4AD7-9D94-522D8F1F6B95}.Debug|Any CPU.Build.0 = Debug|Any CPU
		{51B9B398-C798-4AD7-9D94-522D8F1F6B95}.Release|Any CPU.ActiveCfg = Release|Any CPU
		{51B9B398-C798-4AD7-9D94-522D8F1F6B95}.Release|Any CPU.Build.0 = Release|Any CPU
		{AE6C63FE-9FF9-4859-A092-F1A17D7F8E7B}.Debug|Any CPU.ActiveCfg = Debug|Any CPU
		{AE6C63FE-9FF9-4859-A092-F1A17D7F8E7B}.Debug|Any CPU.Build.0 = Debug|Any CPU
		{AE6C63FE-9FF9-4859-A092-F1A17D7F8E7B}.Release|Any CPU.ActiveCfg = Release|Any CPU
		{AE6C63FE-9FF9-4859-A092-F1A17D7F8E7B}.Release|Any CPU.Build.0 = Release|Any CPU
		{722BB7E7-9BF3-4E81-AEEE-1BE8FCEFB740}.Debug|Any CPU.ActiveCfg = Debug|Any CPU
		{722BB7E7-9BF3-4E81-AEEE-1BE8FCEFB740}.Debug|Any CPU.Build.0 = Debug|Any CPU
		{722BB7E7-9BF3-4E81-AEEE-1BE8FCEFB740}.Release|Any CPU.ActiveCfg = Release|Any CPU
		{722BB7E7-9BF3-4E81-AEEE-1BE8FCEFB740}.Release|Any CPU.Build.0 = Release|Any CPU
		{788629D3-A01E-4BA7-BB9F-FEE872617D07}.Debug|Any CPU.ActiveCfg = Debug|Any CPU
		{788629D3-A01E-4BA7-BB9F-FEE872617D07}.Debug|Any CPU.Build.0 = Debug|Any CPU
		{788629D3-A01E-4BA7-BB9F-FEE872617D07}.Release|Any CPU.ActiveCfg = Release|Any CPU
		{788629D3-A01E-4BA7-BB9F-FEE872617D07}.Release|Any CPU.Build.0 = Release|Any CPU
		{1EB36300-D6C9-4609-8C4D-22ED025B3A97}.Debug|Any CPU.ActiveCfg = Debug|Any CPU
		{1EB36300-D6C9-4609-8C4D-22ED025B3A97}.Debug|Any CPU.Build.0 = Debug|Any CPU
		{1EB36300-D6C9-4609-8C4D-22ED025B3A97}.Release|Any CPU.ActiveCfg = Release|Any CPU
		{1EB36300-D6C9-4609-8C4D-22ED025B3A97}.Release|Any CPU.Build.0 = Release|Any CPU
		{ED5B50EA-D8C4-40B5-B931-F245FC64CEE5}.Debug|Any CPU.ActiveCfg = Debug|Any CPU
		{ED5B50EA-D8C4-40B5-B931-F245FC64CEE5}.Debug|Any CPU.Build.0 = Debug|Any CPU
		{ED5B50EA-D8C4-40B5-B931-F245FC64CEE5}.Release|Any CPU.ActiveCfg = Release|Any CPU
		{ED5B50EA-D8C4-40B5-B931-F245FC64CEE5}.Release|Any CPU.Build.0 = Release|Any CPU
	EndGlobalSection
	GlobalSection(SolutionProperties) = preSolution
		HideSolutionNode = FALSE
	EndGlobalSection
	GlobalSection(NestedProjects) = preSolution
		{E8F2335F-CADC-4A2D-BF2F-80AD7729171C} = {3FF97026-A314-49BB-A871-CED4B3BD083A}
		{382B50F6-7DD7-4B4D-A660-822A7D1EF546} = {E8F2335F-CADC-4A2D-BF2F-80AD7729171C}
		{2DA86A02-02DA-450F-A2EE-55EED98F8610} = {E8F2335F-CADC-4A2D-BF2F-80AD7729171C}
		{D103FB53-4658-484C-9775-8E1C99FC094D} = {3FF97026-A314-49BB-A871-CED4B3BD083A}
		{EF286D90-8E42-45F8-B8CE-4B6B33168BE5} = {D103FB53-4658-484C-9775-8E1C99FC094D}
		{441D1B86-69DC-4D05-9A48-994E26FAD045} = {D103FB53-4658-484C-9775-8E1C99FC094D}
		{C0F8ADFF-61D8-431A-8846-AE0A0DD46AA9} = {D103FB53-4658-484C-9775-8E1C99FC094D}
		{F128C2AF-EE08-4253-B8FF-EF0252475933} = {3FF97026-A314-49BB-A871-CED4B3BD083A}
		{F1DEF0A2-3852-411D-8690-D563BDD81184} = {F128C2AF-EE08-4253-B8FF-EF0252475933}
		{DB926356-9544-4E57-B3DE-DC07113060FF} = {F128C2AF-EE08-4253-B8FF-EF0252475933}
		{51B9B398-C798-4AD7-9D94-522D8F1F6B95} = {F128C2AF-EE08-4253-B8FF-EF0252475933}
		{DE0B322F-A5EC-4B4A-8CD4-9C3245A4009A} = {3FF97026-A314-49BB-A871-CED4B3BD083A}
		{8DF0F0FD-D9D0-4BE6-A650-30B8E73B11B4} = {DE0B322F-A5EC-4B4A-8CD4-9C3245A4009A}
		{7254B102-D416-4C83-AB69-B9D862A055F5} = {DE0B322F-A5EC-4B4A-8CD4-9C3245A4009A}
		{44446089-F3FA-4B8C-BC27-6C16A80EE751} = {DE0B322F-A5EC-4B4A-8CD4-9C3245A4009A}
		{AE6C63FE-9FF9-4859-A092-F1A17D7F8E7B} = {8DF0F0FD-D9D0-4BE6-A650-30B8E73B11B4}
		{722BB7E7-9BF3-4E81-AEEE-1BE8FCEFB740} = {8DF0F0FD-D9D0-4BE6-A650-30B8E73B11B4}
		{788629D3-A01E-4BA7-BB9F-FEE872617D07} = {8DF0F0FD-D9D0-4BE6-A650-30B8E73B11B4}
		{1EB36300-D6C9-4609-8C4D-22ED025B3A97} = {44446089-F3FA-4B8C-BC27-6C16A80EE751}
		{ED5B50EA-D8C4-40B5-B931-F245FC64CEE5} = {7254B102-D416-4C83-AB69-B9D862A055F5}
	EndGlobalSection
EndGlobal
